
Microsoft Visual Studio Solution File, Format Version 12.00
# Visual Studio Version 17
VisualStudioVersion = 17.14.36414.22
MinimumVisualStudioVersion = 10.0.40219.1
Project("{2150E333-8FDC-42A3-9474-1A3956D46DE8}") = "Movimentacoes", "Movimentacoes", "{BFB75341-CD30-4410-818E-602CB4307023}"
EndProject
Project("{2150E333-8FDC-42A3-9474-1A3956D46DE8}") = "Tranferencias", "Tranferencias", "{3FB472A1-0CD7-47D5-A42A-E83798DC9D38}"
EndProject
Project("{2150E333-8FDC-42A3-9474-1A3956D46DE8}") = "Shared", "Shared", "{30187BAC-213C-4393-99BA-D68FF519A974}"
EndProject
Project("{FAE04EC0-301F-11D3-BF4B-00C04F79EFBC}") = "Movimentacoes.Api", "Movimentacoes.Api\Movimentacoes.Api.csproj", "{DFFFB7FE-07C0-4958-85AD-0E176D722881}"
EndProject
Project("{FAE04EC0-301F-11D3-BF4B-00C04F79EFBC}") = "Movimentacoes.Application", "Movimentacoes.Application\Movimentacoes.Application.csproj", "{5E6B0536-0D21-4D1B-A5A1-71FCE3D18BC7}"
EndProject
Project("{FAE04EC0-301F-11D3-BF4B-00C04F79EFBC}") = "Movimentacoes.Domain", "Movimentacoes.Domain\Movimentacoes.Domain.csproj", "{B4DE438A-88F9-48A9-895B-E552273C97D7}"
EndProject
Project("{FAE04EC0-301F-11D3-BF4B-00C04F79EFBC}") = "Movimentacoes.Infra", "Movimentacoes.Infra\Movimentacoes.Infra.csproj", "{599ED69A-090C-4460-B781-57F1B79E0FCB}"
EndProject
Project("{FAE04EC0-301F-11D3-BF4B-00C04F79EFBC}") = "Movimentacoes.Tests", "Movimentacoes.Tests\Movimentacoes.Tests.csproj", "{B6D18997-3BB2-4782-9DFA-6D7D115FA2E1}"
EndProject
Project("{FAE04EC0-301F-11D3-BF4B-00C04F79EFBC}") = "Transferencias.Api", "Transferencias.Api\Transferencias.Api.csproj", "{7CA457FD-E5A0-41A4-ACF0-F0ED86844F95}"
EndProject
Project("{FAE04EC0-301F-11D3-BF4B-00C04F79EFBC}") = "Transferencias.Application", "Transferencias.Application\Transferencias.Application.csproj", "{002D3EBF-0ED1-4D3B-BFAD-B936F09F2107}"
EndProject
Project("{FAE04EC0-301F-11D3-BF4B-00C04F79EFBC}") = "Transferencias.Domain", "Tranferencias.Domain\Transferencias.Domain.csproj", "{AAEF60D9-7308-44A7-BD8C-E58D298B8E1D}"
EndProject
Project("{FAE04EC0-301F-11D3-BF4B-00C04F79EFBC}") = "Transferencias.Infra", "Transferencias.Infra\Transferencias.Infra.csproj", "{906A0715-6C74-42EB-B3B2-D80A8688E7A6}"
EndProject
Project("{FAE04EC0-301F-11D3-BF4B-00C04F79EFBC}") = "Transferencias.Tests", "Transferencias.Tests\Transferencias.Tests.csproj", "{F253E78B-F251-424D-8D00-9D918E9EFEE1}"
EndProject
Project("{2150E333-8FDC-42A3-9474-1A3956D46DE8}") = "Contas", "Contas", "{02EA681E-C7D8-13C7-8484-4AC65E1B71E8}"
EndProject
Project("{FAE04EC0-301F-11D3-BF4B-00C04F79EFBC}") = "Contas.API", "Contas.API\Contas.API.csproj", "{ADD4E033-A553-0009-48A4-23CA346E4D65}"
EndProject
Project("{FAE04EC0-301F-11D3-BF4B-00C04F79EFBC}") = "Contas.Application", "Contas.Application\Contas.Application.csproj", "{9198CE1D-3ECA-E096-EC74-9E3A052D7E76}"
EndProject
Project("{FAE04EC0-301F-11D3-BF4B-00C04F79EFBC}") = "Contas.Domain", "Contas.Domain\Contas.Domain.csproj", "{7E55708D-1B71-0EFE-EED2-4AD1094BFA79}"
EndProject
Project("{FAE04EC0-301F-11D3-BF4B-00C04F79EFBC}") = "Contas.Infra", "Contas.Infra\Contas.Infra.csproj", "{A64EE89C-A429-43C9-B871-D48AF9BDC2DA}"
EndProject
Project("{FAE04EC0-301F-11D3-BF4B-00C04F79EFBC}") = "Contas.Tests", "Contas.Tests\Contas.Tests.csproj", "{AD0B9BCF-52F8-09A4-09AE-BBFC187628C8}"
EndProject
Project("{FAE04EC0-301F-11D3-BF4B-00C04F79EFBC}") = "Shared", "Shared\Shared.csproj", "{342C9CD7-5DFB-463C-9779-243BC8A1038A}"
EndProject
Global
	GlobalSection(SolutionConfigurationPlatforms) = preSolution
		Debug|Any CPU = Debug|Any CPU
		Release|Any CPU = Release|Any CPU
	EndGlobalSection
	GlobalSection(ProjectConfigurationPlatforms) = postSolution
		{DFFFB7FE-07C0-4958-85AD-0E176D722881}.Debug|Any CPU.ActiveCfg = Debug|Any CPU
		{DFFFB7FE-07C0-4958-85AD-0E176D722881}.Debug|Any CPU.Build.0 = Debug|Any CPU
		{DFFFB7FE-07C0-4958-85AD-0E176D722881}.Release|Any CPU.ActiveCfg = Release|Any CPU
		{DFFFB7FE-07C0-4958-85AD-0E176D722881}.Release|Any CPU.Build.0 = Release|Any CPU
		{5E6B0536-0D21-4D1B-A5A1-71FCE3D18BC7}.Debug|Any CPU.ActiveCfg = Debug|Any CPU
		{5E6B0536-0D21-4D1B-A5A1-71FCE3D18BC7}.Debug|Any CPU.Build.0 = Debug|Any CPU
		{5E6B0536-0D21-4D1B-A5A1-71FCE3D18BC7}.Release|Any CPU.ActiveCfg = Release|Any CPU
		{5E6B0536-0D21-4D1B-A5A1-71FCE3D18BC7}.Release|Any CPU.Build.0 = Release|Any CPU
		{B4DE438A-88F9-48A9-895B-E552273C97D7}.Debug|Any CPU.ActiveCfg = Debug|Any CPU
		{B4DE438A-88F9-48A9-895B-E552273C97D7}.Debug|Any CPU.Build.0 = Debug|Any CPU
		{B4DE438A-88F9-48A9-895B-E552273C97D7}.Release|Any CPU.ActiveCfg = Release|Any CPU
		{B4DE438A-88F9-48A9-895B-E552273C97D7}.Release|Any CPU.Build.0 = Release|Any CPU
		{599ED69A-090C-4460-B781-57F1B79E0FCB}.Debug|Any CPU.ActiveCfg = Debug|Any CPU
		{599ED69A-090C-4460-B781-57F1B79E0FCB}.Debug|Any CPU.Build.0 = Debug|Any CPU
		{599ED69A-090C-4460-B781-57F1B79E0FCB}.Release|Any CPU.ActiveCfg = Release|Any CPU
		{599ED69A-090C-4460-B781-57F1B79E0FCB}.Release|Any CPU.Build.0 = Release|Any CPU
		{B6D18997-3BB2-4782-9DFA-6D7D115FA2E1}.Debug|Any CPU.ActiveCfg = Debug|Any CPU
		{B6D18997-3BB2-4782-9DFA-6D7D115FA2E1}.Debug|Any CPU.Build.0 = Debug|Any CPU
		{B6D18997-3BB2-4782-9DFA-6D7D115FA2E1}.Release|Any CPU.ActiveCfg = Release|Any CPU
		{B6D18997-3BB2-4782-9DFA-6D7D115FA2E1}.Release|Any CPU.Build.0 = Release|Any CPU
		{7CA457FD-E5A0-41A4-ACF0-F0ED86844F95}.Debug|Any CPU.ActiveCfg = Debug|Any CPU
		{7CA457FD-E5A0-41A4-ACF0-F0ED86844F95}.Debug|Any CPU.Build.0 = Debug|Any CPU
		{7CA457FD-E5A0-41A4-ACF0-F0ED86844F95}.Release|Any CPU.ActiveCfg = Release|Any CPU
		{7CA457FD-E5A0-41A4-ACF0-F0ED86844F95}.Release|Any CPU.Build.0 = Release|Any CPU
		{002D3EBF-0ED1-4D3B-BFAD-B936F09F2107}.Debug|Any CPU.ActiveCfg = Debug|Any CPU
		{002D3EBF-0ED1-4D3B-BFAD-B936F09F2107}.Debug|Any CPU.Build.0 = Debug|Any CPU
		{002D3EBF-0ED1-4D3B-BFAD-B936F09F2107}.Release|Any CPU.ActiveCfg = Release|Any CPU
		{002D3EBF-0ED1-4D3B-BFAD-B936F09F2107}.Release|Any CPU.Build.0 = Release|Any CPU
		{AAEF60D9-7308-44A7-BD8C-E58D298B8E1D}.Debug|Any CPU.ActiveCfg = Debug|Any CPU
		{AAEF60D9-7308-44A7-BD8C-E58D298B8E1D}.Debug|Any CPU.Build.0 = Debug|Any CPU
		{AAEF60D9-7308-44A7-BD8C-E58D298B8E1D}.Release|Any CPU.ActiveCfg = Release|Any CPU
		{AAEF60D9-7308-44A7-BD8C-E58D298B8E1D}.Release|Any CPU.Build.0 = Release|Any CPU
		{906A0715-6C74-42EB-B3B2-D80A8688E7A6}.Debug|Any CPU.ActiveCfg = Debug|Any CPU
		{906A0715-6C74-42EB-B3B2-D80A8688E7A6}.Debug|Any CPU.Build.0 = Debug|Any CPU
		{906A0715-6C74-42EB-B3B2-D80A8688E7A6}.Release|Any CPU.ActiveCfg = Release|Any CPU
		{906A0715-6C74-42EB-B3B2-D80A8688E7A6}.Release|Any CPU.Build.0 = Release|Any CPU
		{F253E78B-F251-424D-8D00-9D918E9EFEE1}.Debug|Any CPU.ActiveCfg = Debug|Any CPU
		{F253E78B-F251-424D-8D00-9D918E9EFEE1}.Debug|Any CPU.Build.0 = Debug|Any CPU
		{F253E78B-F251-424D-8D00-9D918E9EFEE1}.Release|Any CPU.ActiveCfg = Release|Any CPU
		{F253E78B-F251-424D-8D00-9D918E9EFEE1}.Release|Any CPU.Build.0 = Release|Any CPU
		{ADD4E033-A553-0009-48A4-23CA346E4D65}.Debug|Any CPU.ActiveCfg = Debug|Any CPU
		{ADD4E033-A553-0009-48A4-23CA346E4D65}.Debug|Any CPU.Build.0 = Debug|Any CPU
		{ADD4E033-A553-0009-48A4-23CA346E4D65}.Release|Any CPU.ActiveCfg = Release|Any CPU
		{ADD4E033-A553-0009-48A4-23CA346E4D65}.Release|Any CPU.Build.0 = Release|Any CPU
		{9198CE1D-3ECA-E096-EC74-9E3A052D7E76}.Debug|Any CPU.ActiveCfg = Debug|Any CPU
		{9198CE1D-3ECA-E096-EC74-9E3A052D7E76}.Debug|Any CPU.Build.0 = Debug|Any CPU
		{9198CE1D-3ECA-E096-EC74-9E3A052D7E76}.Release|Any CPU.ActiveCfg = Release|Any CPU
		{9198CE1D-3ECA-E096-EC74-9E3A052D7E76}.Release|Any CPU.Build.0 = Release|Any CPU
		{7E55708D-1B71-0EFE-EED2-4AD1094BFA79}.Debug|Any CPU.ActiveCfg = Debug|Any CPU
		{7E55708D-1B71-0EFE-EED2-4AD1094BFA79}.Debug|Any CPU.Build.0 = Debug|Any CPU
		{7E55708D-1B71-0EFE-EED2-4AD1094BFA79}.Release|Any CPU.ActiveCfg = Release|Any CPU
		{7E55708D-1B71-0EFE-EED2-4AD1094BFA79}.Release|Any CPU.Build.0 = Release|Any CPU
		{A64EE89C-A429-43C9-B871-D48AF9BDC2DA}.Debug|Any CPU.ActiveCfg = Debug|Any CPU
		{A64EE89C-A429-43C9-B871-D48AF9BDC2DA}.Debug|Any CPU.Build.0 = Debug|Any CPU
		{A64EE89C-A429-43C9-B871-D48AF9BDC2DA}.Release|Any CPU.ActiveCfg = Release|Any CPU
		{A64EE89C-A429-43C9-B871-D48AF9BDC2DA}.Release|Any CPU.Build.0 = Release|Any CPU
		{AD0B9BCF-52F8-09A4-09AE-BBFC187628C8}.Debug|Any CPU.ActiveCfg = Debug|Any CPU
		{AD0B9BCF-52F8-09A4-09AE-BBFC187628C8}.Debug|Any CPU.Build.0 = Debug|Any CPU
		{AD0B9BCF-52F8-09A4-09AE-BBFC187628C8}.Release|Any CPU.ActiveCfg = Release|Any CPU
		{AD0B9BCF-52F8-09A4-09AE-BBFC187628C8}.Release|Any CPU.Build.0 = Release|Any CPU
		{342C9CD7-5DFB-463C-9779-243BC8A1038A}.Debug|Any CPU.ActiveCfg = Debug|Any CPU
		{342C9CD7-5DFB-463C-9779-243BC8A1038A}.Debug|Any CPU.Build.0 = Debug|Any CPU
		{342C9CD7-5DFB-463C-9779-243BC8A1038A}.Release|Any CPU.ActiveCfg = Release|Any CPU
		{342C9CD7-5DFB-463C-9779-243BC8A1038A}.Release|Any CPU.Build.0 = Release|Any CPU
	EndGlobalSection
	GlobalSection(SolutionProperties) = preSolution
		HideSolutionNode = FALSE
	EndGlobalSection
	GlobalSection(NestedProjects) = preSolution
		{DFFFB7FE-07C0-4958-85AD-0E176D722881} = {BFB75341-CD30-4410-818E-602CB4307023}
		{5E6B0536-0D21-4D1B-A5A1-71FCE3D18BC7} = {BFB75341-CD30-4410-818E-602CB4307023}
		{B4DE438A-88F9-48A9-895B-E552273C97D7} = {BFB75341-CD30-4410-818E-602CB4307023}
		{599ED69A-090C-4460-B781-57F1B79E0FCB} = {BFB75341-CD30-4410-818E-602CB4307023}
		{B6D18997-3BB2-4782-9DFA-6D7D115FA2E1} = {BFB75341-CD30-4410-818E-602CB4307023}
		{7CA457FD-E5A0-41A4-ACF0-F0ED86844F95} = {3FB472A1-0CD7-47D5-A42A-E83798DC9D38}
		{002D3EBF-0ED1-4D3B-BFAD-B936F09F2107} = {3FB472A1-0CD7-47D5-A42A-E83798DC9D38}
		{AAEF60D9-7308-44A7-BD8C-E58D298B8E1D} = {3FB472A1-0CD7-47D5-A42A-E83798DC9D38}
		{906A0715-6C74-42EB-B3B2-D80A8688E7A6} = {3FB472A1-0CD7-47D5-A42A-E83798DC9D38}
		{F253E78B-F251-424D-8D00-9D918E9EFEE1} = {3FB472A1-0CD7-47D5-A42A-E83798DC9D38}
		{ADD4E033-A553-0009-48A4-23CA346E4D65} = {02EA681E-C7D8-13C7-8484-4AC65E1B71E8}
		{9198CE1D-3ECA-E096-EC74-9E3A052D7E76} = {02EA681E-C7D8-13C7-8484-4AC65E1B71E8}
		{7E55708D-1B71-0EFE-EED2-4AD1094BFA79} = {02EA681E-C7D8-13C7-8484-4AC65E1B71E8}
		{A64EE89C-A429-43C9-B871-D48AF9BDC2DA} = {02EA681E-C7D8-13C7-8484-4AC65E1B71E8}
		{AD0B9BCF-52F8-09A4-09AE-BBFC187628C8} = {02EA681E-C7D8-13C7-8484-4AC65E1B71E8}
		{342C9CD7-5DFB-463C-9779-243BC8A1038A} = {30187BAC-213C-4393-99BA-D68FF519A974}
	EndGlobalSection
	GlobalSection(ExtensibilityGlobals) = postSolution
		SolutionGuid = {64D9BE4C-3108-4F7E-9802-F981E39B6B7E}
	EndGlobalSection
EndGlobal
